// !$*UTF8*$!
{
	archiveVersion = 1;
	classes = {
	};
	objectVersion = 48;
	objects = {

/* Begin PBXBuildFile section */
		3511F30C204B337000396C20 /* EmailTextFieldNib.swift in Sources */ = {isa = PBXBuildFile; fileRef = 3511F30B204B337000396C20 /* EmailTextFieldNib.swift */; };
		3511F30E204B450D00396C20 /* EmailTextFieldNib.xib in Resources */ = {isa = PBXBuildFile; fileRef = 3511F30D204B450D00396C20 /* EmailTextFieldNib.xib */; };
		3513B747204B8B80000068AF /* PasswordTextFieldNib.xib in Resources */ = {isa = PBXBuildFile; fileRef = 3513B746204B8B80000068AF /* PasswordTextFieldNib.xib */; };
		3513B749204B8CAA000068AF /* PasswordTextFieldNib.swift in Sources */ = {isa = PBXBuildFile; fileRef = 3513B748204B8CAA000068AF /* PasswordTextFieldNib.swift */; };
		35349EF1204C2C9900DFAEFC /* RegisterViewController.swift in Sources */ = {isa = PBXBuildFile; fileRef = 35349EF0204C2C9900DFAEFC /* RegisterViewController.swift */; };
		35349EF5204C321600DFAEFC /* NameTextFieldNib.swift in Sources */ = {isa = PBXBuildFile; fileRef = 35349EF4204C321600DFAEFC /* NameTextFieldNib.swift */; };
		35349EF7204C323000DFAEFC /* NameTextFieldNib.xib in Resources */ = {isa = PBXBuildFile; fileRef = 35349EF6204C323000DFAEFC /* NameTextFieldNib.xib */; };
		35349EF9204C4F1B00DFAEFC /* PhoneTextFieldNib.xib in Resources */ = {isa = PBXBuildFile; fileRef = 35349EF8204C4F1B00DFAEFC /* PhoneTextFieldNib.xib */; };
		35349EFB204C4F3800DFAEFC /* PhoneTextFieldNib.swift in Sources */ = {isa = PBXBuildFile; fileRef = 35349EFA204C4F3800DFAEFC /* PhoneTextFieldNib.swift */; };
		35349F00204CBAE600DFAEFC /* SWRevealViewController.m in Sources */ = {isa = PBXBuildFile; fileRef = 35349EFF204CBAE500DFAEFC /* SWRevealViewController.m */; };
		35349F02204CBBBB00DFAEFC /* UserMenuViewController.swift in Sources */ = {isa = PBXBuildFile; fileRef = 35349F01204CBBBB00DFAEFC /* UserMenuViewController.swift */; };
		35349F04204CBBF300DFAEFC /* UserEntranceViewController.swift in Sources */ = {isa = PBXBuildFile; fileRef = 35349F03204CBBF300DFAEFC /* UserEntranceViewController.swift */; };
		35349F07204CC11500DFAEFC /* GradientView.swift in Sources */ = {isa = PBXBuildFile; fileRef = 35349F06204CC11500DFAEFC /* GradientView.swift */; };
		354FF69D20461F380016EBF1 /* AppDelegate.swift in Sources */ = {isa = PBXBuildFile; fileRef = 354FF69C20461F380016EBF1 /* AppDelegate.swift */; };
		354FF69F20461F380016EBF1 /* LoginViewController.swift in Sources */ = {isa = PBXBuildFile; fileRef = 354FF69E20461F380016EBF1 /* LoginViewController.swift */; };
		354FF6A220461F380016EBF1 /* Login.storyboard in Resources */ = {isa = PBXBuildFile; fileRef = 354FF6A020461F380016EBF1 /* Login.storyboard */; };
		354FF6A420461F380016EBF1 /* Assets.xcassets in Resources */ = {isa = PBXBuildFile; fileRef = 354FF6A320461F380016EBF1 /* Assets.xcassets */; };
		354FF6A720461F380016EBF1 /* LaunchScreen.storyboard in Resources */ = {isa = PBXBuildFile; fileRef = 354FF6A520461F380016EBF1 /* LaunchScreen.storyboard */; };
		354FF6B020461FFB0016EBF1 /* BorderUIButton.swift in Sources */ = {isa = PBXBuildFile; fileRef = 354FF6AF20461FFB0016EBF1 /* BorderUIButton.swift */; };
		35A55AF2204E0AE50007374B /* Constants.swift in Sources */ = {isa = PBXBuildFile; fileRef = 35A55AF1204E0AE50007374B /* Constants.swift */; };
		35A55AF5204E0F880007374B /* menuOptionCell.swift in Sources */ = {isa = PBXBuildFile; fileRef = 35A55AF4204E0F880007374B /* menuOptionCell.swift */; };
/* End PBXBuildFile section */

/* Begin PBXFileReference section */
		3511F30B204B337000396C20 /* EmailTextFieldNib.swift */ = {isa = PBXFileReference; lastKnownFileType = sourcecode.swift; path = EmailTextFieldNib.swift; sourceTree = "<group>"; };
		3511F30D204B450D00396C20 /* EmailTextFieldNib.xib */ = {isa = PBXFileReference; lastKnownFileType = file.xib; path = EmailTextFieldNib.xib; sourceTree = "<group>"; };
		3513B746204B8B80000068AF /* PasswordTextFieldNib.xib */ = {isa = PBXFileReference; lastKnownFileType = file.xib; path = PasswordTextFieldNib.xib; sourceTree = "<group>"; };
		3513B748204B8CAA000068AF /* PasswordTextFieldNib.swift */ = {isa = PBXFileReference; lastKnownFileType = sourcecode.swift; path = PasswordTextFieldNib.swift; sourceTree = "<group>"; };
		35349EF0204C2C9900DFAEFC /* RegisterViewController.swift */ = {isa = PBXFileReference; lastKnownFileType = sourcecode.swift; path = RegisterViewController.swift; sourceTree = "<group>"; };
		35349EF4204C321600DFAEFC /* NameTextFieldNib.swift */ = {isa = PBXFileReference; lastKnownFileType = sourcecode.swift; path = NameTextFieldNib.swift; sourceTree = "<group>"; };
		35349EF6204C323000DFAEFC /* NameTextFieldNib.xib */ = {isa = PBXFileReference; lastKnownFileType = file.xib; path = NameTextFieldNib.xib; sourceTree = "<group>"; };
		35349EF8204C4F1B00DFAEFC /* PhoneTextFieldNib.xib */ = {isa = PBXFileReference; lastKnownFileType = file.xib; path = PhoneTextFieldNib.xib; sourceTree = "<group>"; };
		35349EFA204C4F3800DFAEFC /* PhoneTextFieldNib.swift */ = {isa = PBXFileReference; lastKnownFileType = sourcecode.swift; path = PhoneTextFieldNib.swift; sourceTree = "<group>"; };
		35349EFD204CBAE500DFAEFC /* PTNeideSimoes-Bridging-Header.h */ = {isa = PBXFileReference; lastKnownFileType = sourcecode.c.h; path = "PTNeideSimoes-Bridging-Header.h"; sourceTree = "<group>"; };
		35349EFE204CBAE500DFAEFC /* SWRevealViewController.h */ = {isa = PBXFileReference; fileEncoding = 4; lastKnownFileType = sourcecode.c.h; path = SWRevealViewController.h; sourceTree = "<group>"; };
		35349EFF204CBAE500DFAEFC /* SWRevealViewController.m */ = {isa = PBXFileReference; fileEncoding = 4; lastKnownFileType = sourcecode.c.objc; path = SWRevealViewController.m; sourceTree = "<group>"; };
		35349F01204CBBBB00DFAEFC /* UserMenuViewController.swift */ = {isa = PBXFileReference; lastKnownFileType = sourcecode.swift; path = UserMenuViewController.swift; sourceTree = "<group>"; };
		35349F03204CBBF300DFAEFC /* UserEntranceViewController.swift */ = {isa = PBXFileReference; lastKnownFileType = sourcecode.swift; path = UserEntranceViewController.swift; sourceTree = "<group>"; };
		35349F06204CC11500DFAEFC /* GradientView.swift */ = {isa = PBXFileReference; lastKnownFileType = sourcecode.swift; path = GradientView.swift; sourceTree = "<group>"; };
		354FF69920461F380016EBF1 /* PTNeideSimoes.app */ = {isa = PBXFileReference; explicitFileType = wrapper.application; includeInIndex = 0; path = PTNeideSimoes.app; sourceTree = BUILT_PRODUCTS_DIR; };
		354FF69C20461F380016EBF1 /* AppDelegate.swift */ = {isa = PBXFileReference; lastKnownFileType = sourcecode.swift; path = AppDelegate.swift; sourceTree = "<group>"; };
		354FF69E20461F380016EBF1 /* LoginViewController.swift */ = {isa = PBXFileReference; lastKnownFileType = sourcecode.swift; path = LoginViewController.swift; sourceTree = "<group>"; };
		354FF6A120461F380016EBF1 /* Base */ = {isa = PBXFileReference; lastKnownFileType = file.storyboard; name = Base; path = Base.lproj/Login.storyboard; sourceTree = "<group>"; };
		354FF6A320461F380016EBF1 /* Assets.xcassets */ = {isa = PBXFileReference; lastKnownFileType = folder.assetcatalog; path = Assets.xcassets; sourceTree = "<group>"; };
		354FF6A620461F380016EBF1 /* Base */ = {isa = PBXFileReference; lastKnownFileType = file.storyboard; name = Base; path = Base.lproj/LaunchScreen.storyboard; sourceTree = "<group>"; };
		354FF6A820461F380016EBF1 /* Info.plist */ = {isa = PBXFileReference; lastKnownFileType = text.plist.xml; path = Info.plist; sourceTree = "<group>"; };
		354FF6AF20461FFB0016EBF1 /* BorderUIButton.swift */ = {isa = PBXFileReference; lastKnownFileType = sourcecode.swift; path = BorderUIButton.swift; sourceTree = "<group>"; };
		35A55AF1204E0AE50007374B /* Constants.swift */ = {isa = PBXFileReference; lastKnownFileType = sourcecode.swift; path = Constants.swift; sourceTree = "<group>"; };
		35A55AF4204E0F880007374B /* menuOptionCell.swift */ = {isa = PBXFileReference; lastKnownFileType = sourcecode.swift; path = menuOptionCell.swift; sourceTree = "<group>"; };
/* End PBXFileReference section */

/* Begin PBXFrameworksBuildPhase section */
		354FF69620461F380016EBF1 /* Frameworks */ = {
			isa = PBXFrameworksBuildPhase;
			buildActionMask = 2147483647;
			files = (
			);
			runOnlyForDeploymentPostprocessing = 0;
		};
/* End PBXFrameworksBuildPhase section */

/* Begin PBXGroup section */
		35349EEF204C2C3900DFAEFC /* Controller */ = {
			isa = PBXGroup;
			children = (
				354FF69E20461F380016EBF1 /* LoginViewController.swift */,
				35349EF0204C2C9900DFAEFC /* RegisterViewController.swift */,
				35349F01204CBBBB00DFAEFC /* UserMenuViewController.swift */,
				35349F03204CBBF300DFAEFC /* UserEntranceViewController.swift */,
			);
			path = Controller;
			sourceTree = "<group>";
		};
		35349EFC204CBAC100DFAEFC /* SWRevealVC */ = {
			isa = PBXGroup;
			children = (
				35349EFE204CBAE500DFAEFC /* SWRevealViewController.h */,
				35349EFF204CBAE500DFAEFC /* SWRevealViewController.m */,
				35349EFD204CBAE500DFAEFC /* PTNeideSimoes-Bridging-Header.h */,
			);
			path = SWRevealVC;
			sourceTree = "<group>";
		};
		35349F05204CC0E600DFAEFC /* View */ = {
			isa = PBXGroup;
			children = (
				35349F06204CC11500DFAEFC /* GradientView.swift */,
				35A55AF4204E0F880007374B /* menuOptionCell.swift */,
			);
			path = View;
			sourceTree = "<group>";
		};
		354FF69020461F380016EBF1 = {
			isa = PBXGroup;
			children = (
				354FF69B20461F380016EBF1 /* PTNeideSimoes */,
				354FF69A20461F380016EBF1 /* Products */,
			);
			sourceTree = "<group>";
		};
		354FF69A20461F380016EBF1 /* Products */ = {
			isa = PBXGroup;
			children = (
				354FF69920461F380016EBF1 /* PTNeideSimoes.app */,
			);
			name = Products;
			sourceTree = "<group>";
		};
		354FF69B20461F380016EBF1 /* PTNeideSimoes */ = {
			isa = PBXGroup;
			children = (
				35A55AF6204E0FF90007374B /* Model */,
				35A55AF0204E0AD20007374B /* Constants */,
				35349EFC204CBAC100DFAEFC /* SWRevealVC */,
				35349F05204CC0E600DFAEFC /* View */,
				355488CB204AEA9400E8BC32 /* Controls */,
				354FF6AE20461F740016EBF1 /* CustomUIButton */,
				35349EEF204C2C3900DFAEFC /* Controller */,
				354FF69C20461F380016EBF1 /* AppDelegate.swift */,
				354FF6A020461F380016EBF1 /* Login.storyboard */,
				354FF6A320461F380016EBF1 /* Assets.xcassets */,
				354FF6A520461F380016EBF1 /* LaunchScreen.storyboard */,
				354FF6A820461F380016EBF1 /* Info.plist */,
			);
			path = PTNeideSimoes;
			sourceTree = "<group>";
		};
		354FF6AE20461F740016EBF1 /* CustomUIButton */ = {
			isa = PBXGroup;
			children = (
				354FF6AF20461FFB0016EBF1 /* BorderUIButton.swift */,
			);
			path = CustomUIButton;
			sourceTree = "<group>";
		};
		355488CB204AEA9400E8BC32 /* Controls */ = {
			isa = PBXGroup;
			children = (
				3511F30D204B450D00396C20 /* EmailTextFieldNib.xib */,
				3511F30B204B337000396C20 /* EmailTextFieldNib.swift */,
				3513B746204B8B80000068AF /* PasswordTextFieldNib.xib */,
				3513B748204B8CAA000068AF /* PasswordTextFieldNib.swift */,
				35349EF6204C323000DFAEFC /* NameTextFieldNib.xib */,
				35349EF4204C321600DFAEFC /* NameTextFieldNib.swift */,
				35349EF8204C4F1B00DFAEFC /* PhoneTextFieldNib.xib */,
				35349EFA204C4F3800DFAEFC /* PhoneTextFieldNib.swift */,
			);
			path = Controls;
			sourceTree = "<group>";
		};
		35A55AF0204E0AD20007374B /* Constants */ = {
			isa = PBXGroup;
			children = (
				35A55AF1204E0AE50007374B /* Constants.swift */,
			);
			path = Constants;
			sourceTree = "<group>";
		};
		35A55AF6204E0FF90007374B /* Model */ = {
			isa = PBXGroup;
			children = (
			);
			path = Model;
			sourceTree = "<group>";
		};
/* End PBXGroup section */

/* Begin PBXNativeTarget section */
		354FF69820461F380016EBF1 /* PTNeideSimoes */ = {
			isa = PBXNativeTarget;
			buildConfigurationList = 354FF6AB20461F380016EBF1 /* Build configuration list for PBXNativeTarget "PTNeideSimoes" */;
			buildPhases = (
				354FF69520461F380016EBF1 /* Sources */,
				354FF69620461F380016EBF1 /* Frameworks */,
				354FF69720461F380016EBF1 /* Resources */,
			);
			buildRules = (
			);
			dependencies = (
			);
			name = PTNeideSimoes;
			productName = PTNeideSimoes;
			productReference = 354FF69920461F380016EBF1 /* PTNeideSimoes.app */;
			productType = "com.apple.product-type.application";
		};
/* End PBXNativeTarget section */

/* Begin PBXProject section */
		354FF69120461F380016EBF1 /* Project object */ = {
			isa = PBXProject;
			attributes = {
				LastSwiftUpdateCheck = 0920;
				LastUpgradeCheck = 0920;
				ORGANIZATIONNAME = "Nuno Nunes";
				TargetAttributes = {
					354FF69820461F380016EBF1 = {
						CreatedOnToolsVersion = 9.2;
						LastSwiftMigration = 0920;
						ProvisioningStyle = Automatic;
					};
				};
			};
			buildConfigurationList = 354FF69420461F380016EBF1 /* Build configuration list for PBXProject "PTNeideSimoes" */;
			compatibilityVersion = "Xcode 8.0";
			developmentRegion = en;
			hasScannedForEncodings = 0;
			knownRegions = (
				en,
				Base,
			);
			mainGroup = 354FF69020461F380016EBF1;
			productRefGroup = 354FF69A20461F380016EBF1 /* Products */;
			projectDirPath = "";
			projectRoot = "";
			targets = (
				354FF69820461F380016EBF1 /* PTNeideSimoes */,
			);
		};
/* End PBXProject section */

/* Begin PBXResourcesBuildPhase section */
		354FF69720461F380016EBF1 /* Resources */ = {
			isa = PBXResourcesBuildPhase;
			buildActionMask = 2147483647;
			files = (
				35349EF9204C4F1B00DFAEFC /* PhoneTextFieldNib.xib in Resources */,
				35349EF7204C323000DFAEFC /* NameTextFieldNib.xib in Resources */,
				3511F30E204B450D00396C20 /* EmailTextFieldNib.xib in Resources */,
				354FF6A720461F380016EBF1 /* LaunchScreen.storyboard in Resources */,
				3513B747204B8B80000068AF /* PasswordTextFieldNib.xib in Resources */,
				354FF6A420461F380016EBF1 /* Assets.xcassets in Resources */,
				354FF6A220461F380016EBF1 /* Login.storyboard in Resources */,
			);
			runOnlyForDeploymentPostprocessing = 0;
		};
/* End PBXResourcesBuildPhase section */

/* Begin PBXSourcesBuildPhase section */
		354FF69520461F380016EBF1 /* Sources */ = {
			isa = PBXSourcesBuildPhase;
			buildActionMask = 2147483647;
			files = (
				35349F04204CBBF300DFAEFC /* UserEntranceViewController.swift in Sources */,
				35A55AF5204E0F880007374B /* menuOptionCell.swift in Sources */,
				3511F30C204B337000396C20 /* EmailTextFieldNib.swift in Sources */,
				35349F07204CC11500DFAEFC /* GradientView.swift in Sources */,
				354FF69F20461F380016EBF1 /* LoginViewController.swift in Sources */,
				35349EF5204C321600DFAEFC /* NameTextFieldNib.swift in Sources */,
				3513B749204B8CAA000068AF /* PasswordTextFieldNib.swift in Sources */,
				35349F02204CBBBB00DFAEFC /* UserMenuViewController.swift in Sources */,
				35A55AF2204E0AE50007374B /* Constants.swift in Sources */,
				35349EF1204C2C9900DFAEFC /* RegisterViewController.swift in Sources */,
				35349F00204CBAE600DFAEFC /* SWRevealViewController.m in Sources */,
				354FF69D20461F380016EBF1 /* AppDelegate.swift in Sources */,
				35349EFB204C4F3800DFAEFC /* PhoneTextFieldNib.swift in Sources */,
				354FF6B020461FFB0016EBF1 /* BorderUIButton.swift in Sources */,
			);
			runOnlyForDeploymentPostprocessing = 0;
		};
/* End PBXSourcesBuildPhase section */

/* Begin PBXVariantGroup section */
		354FF6A020461F380016EBF1 /* Login.storyboard */ = {
			isa = PBXVariantGroup;
			children = (
				354FF6A120461F380016EBF1 /* Base */,
			);
			name = Login.storyboard;
			sourceTree = "<group>";
		};
		354FF6A520461F380016EBF1 /* LaunchScreen.storyboard */ = {
			isa = PBXVariantGroup;
			children = (
				354FF6A620461F380016EBF1 /* Base */,
			);
			name = LaunchScreen.storyboard;
			sourceTree = "<group>";
		};
/* End PBXVariantGroup section */

/* Begin XCBuildConfiguration section */
		354FF6A920461F380016EBF1 /* Debug */ = {
			isa = XCBuildConfiguration;
			buildSettings = {
				ALWAYS_SEARCH_USER_PATHS = NO;
				CLANG_ANALYZER_NONNULL = YES;
				CLANG_ANALYZER_NUMBER_OBJECT_CONVERSION = YES_AGGRESSIVE;
				CLANG_CXX_LANGUAGE_STANDARD = "gnu++14";
				CLANG_CXX_LIBRARY = "libc++";
				CLANG_ENABLE_MODULES = YES;
				CLANG_ENABLE_OBJC_ARC = YES;
				CLANG_WARN_BLOCK_CAPTURE_AUTORELEASING = YES;
				CLANG_WARN_BOOL_CONVERSION = YES;
				CLANG_WARN_COMMA = YES;
				CLANG_WARN_CONSTANT_CONVERSION = YES;
				CLANG_WARN_DIRECT_OBJC_ISA_USAGE = YES_ERROR;
				CLANG_WARN_DOCUMENTATION_COMMENTS = YES;
				CLANG_WARN_EMPTY_BODY = YES;
				CLANG_WARN_ENUM_CONVERSION = YES;
				CLANG_WARN_INFINITE_RECURSION = YES;
				CLANG_WARN_INT_CONVERSION = YES;
				CLANG_WARN_NON_LITERAL_NULL_CONVERSION = YES;
				CLANG_WARN_OBJC_LITERAL_CONVERSION = YES;
				CLANG_WARN_OBJC_ROOT_CLASS = YES_ERROR;
				CLANG_WARN_RANGE_LOOP_ANALYSIS = YES;
				CLANG_WARN_STRICT_PROTOTYPES = YES;
				CLANG_WARN_SUSPICIOUS_MOVE = YES;
				CLANG_WARN_UNGUARDED_AVAILABILITY = YES_AGGRESSIVE;
				CLANG_WARN_UNREACHABLE_CODE = YES;
				CLANG_WARN__DUPLICATE_METHOD_MATCH = YES;
				CODE_SIGN_IDENTITY = "iPhone Developer";
				COPY_PHASE_STRIP = NO;
				DEBUG_INFORMATION_FORMAT = dwarf;
				ENABLE_STRICT_OBJC_MSGSEND = YES;
				ENABLE_TESTABILITY = YES;
				GCC_C_LANGUAGE_STANDARD = gnu11;
				GCC_DYNAMIC_NO_PIC = NO;
				GCC_NO_COMMON_BLOCKS = YES;
				GCC_OPTIMIZATION_LEVEL = 0;
				GCC_PREPROCESSOR_DEFINITIONS = (
					"DEBUG=1",
					"$(inherited)",
				);
				GCC_WARN_64_TO_32_BIT_CONVERSION = YES;
				GCC_WARN_ABOUT_RETURN_TYPE = YES_ERROR;
				GCC_WARN_UNDECLARED_SELECTOR = YES;
				GCC_WARN_UNINITIALIZED_AUTOS = YES_AGGRESSIVE;
				GCC_WARN_UNUSED_FUNCTION = YES;
				GCC_WARN_UNUSED_VARIABLE = YES;
				IPHONEOS_DEPLOYMENT_TARGET = 11.2;
				MTL_ENABLE_DEBUG_INFO = YES;
				ONLY_ACTIVE_ARCH = YES;
				SDKROOT = iphoneos;
				SWIFT_ACTIVE_COMPILATION_CONDITIONS = DEBUG;
				SWIFT_OPTIMIZATION_LEVEL = "-Onone";
			};
			name = Debug;
		};
		354FF6AA20461F380016EBF1 /* Release */ = {
			isa = XCBuildConfiguration;
			buildSettings = {
				ALWAYS_SEARCH_USER_PATHS = NO;
				CLANG_ANALYZER_NONNULL = YES;
				CLANG_ANALYZER_NUMBER_OBJECT_CONVERSION = YES_AGGRESSIVE;
				CLANG_CXX_LANGUAGE_STANDARD = "gnu++14";
				CLANG_CXX_LIBRARY = "libc++";
				CLANG_ENABLE_MODULES = YES;
				CLANG_ENABLE_OBJC_ARC = YES;
				CLANG_WARN_BLOCK_CAPTURE_AUTORELEASING = YES;
				CLANG_WARN_BOOL_CONVERSION = YES;
				CLANG_WARN_COMMA = YES;
				CLANG_WARN_CONSTANT_CONVERSION = YES;
				CLANG_WARN_DIRECT_OBJC_ISA_USAGE = YES_ERROR;
				CLANG_WARN_DOCUMENTATION_COMMENTS = YES;
				CLANG_WARN_EMPTY_BODY = YES;
				CLANG_WARN_ENUM_CONVERSION = YES;
				CLANG_WARN_INFINITE_RECURSION = YES;
				CLANG_WARN_INT_CONVERSION = YES;
				CLANG_WARN_NON_LITERAL_NULL_CONVERSION = YES;
				CLANG_WARN_OBJC_LITERAL_CONVERSION = YES;
				CLANG_WARN_OBJC_ROOT_CLASS = YES_ERROR;
				CLANG_WARN_RANGE_LOOP_ANALYSIS = YES;
				CLANG_WARN_STRICT_PROTOTYPES = YES;
				CLANG_WARN_SUSPICIOUS_MOVE = YES;
				CLANG_WARN_UNGUARDED_AVAILABILITY = YES_AGGRESSIVE;
				CLANG_WARN_UNREACHABLE_CODE = YES;
				CLANG_WARN__DUPLICATE_METHOD_MATCH = YES;
				CODE_SIGN_IDENTITY = "iPhone Developer";
				COPY_PHASE_STRIP = NO;
				DEBUG_INFORMATION_FORMAT = "dwarf-with-dsym";
				ENABLE_NS_ASSERTIONS = NO;
				ENABLE_STRICT_OBJC_MSGSEND = YES;
				GCC_C_LANGUAGE_STANDARD = gnu11;
				GCC_NO_COMMON_BLOCKS = YES;
				GCC_WARN_64_TO_32_BIT_CONVERSION = YES;
				GCC_WARN_ABOUT_RETURN_TYPE = YES_ERROR;
				GCC_WARN_UNDECLARED_SELECTOR = YES;
				GCC_WARN_UNINITIALIZED_AUTOS = YES_AGGRESSIVE;
				GCC_WARN_UNUSED_FUNCTION = YES;
				GCC_WARN_UNUSED_VARIABLE = YES;
				IPHONEOS_DEPLOYMENT_TARGET = 11.2;
				MTL_ENABLE_DEBUG_INFO = NO;
				SDKROOT = iphoneos;
				SWIFT_OPTIMIZATION_LEVEL = "-Owholemodule";
				VALIDATE_PRODUCT = YES;
			};
			name = Release;
		};
		354FF6AC20461F380016EBF1 /* Debug */ = {
			isa = XCBuildConfiguration;
			buildSettings = {
				ASSETCATALOG_COMPILER_APPICON_NAME = AppIcon;
				CLANG_ENABLE_MODULES = YES;
				CODE_SIGN_STYLE = Automatic;
				DEVELOPMENT_TEAM = 589B4SAP4Y;
				INFOPLIST_FILE = PTNeideSimoes/Info.plist;
				LD_RUNPATH_SEARCH_PATHS = "$(inherited) @executable_path/Frameworks";
				PRODUCT_BUNDLE_IDENTIFIER = com.nn.PTNeideSimoes;
				PRODUCT_NAME = "$(TARGET_NAME)";
				SWIFT_OBJC_BRIDGING_HEADER = "PTNeideSimoes/SWRevealVC/PTNeideSimoes-Bridging-Header.h";
				SWIFT_OPTIMIZATION_LEVEL = "-Onone";
				SWIFT_VERSION = 4.0;
				TARGETED_DEVICE_FAMILY = "1,2";
			};
			name = Debug;
		};
		354FF6AD20461F380016EBF1 /* Release */ = {
			isa = XCBuildConfiguration;
			buildSettings = {
				ASSETCATALOG_COMPILER_APPICON_NAME = AppIcon;
				CLANG_ENABLE_MODULES = YES;
				CODE_SIGN_STYLE = Automatic;
				DEVELOPMENT_TEAM = 589B4SAP4Y;
				INFOPLIST_FILE = PTNeideSimoes/Info.plist;
				LD_RUNPATH_SEARCH_PATHS = "$(inherited) @executable_path/Frameworks";
				PRODUCT_BUNDLE_IDENTIFIER = com.nn.PTNeideSimoes;
				PRODUCT_NAME = "$(TARGET_NAME)";
				SWIFT_OBJC_BRIDGING_HEADER = "PTNeideSimoes/SWRevealVC/PTNeideSimoes-Bridging-Header.h";
				SWIFT_VERSION = 4.0;
				TARGETED_DEVICE_FAMILY = "1,2";
			};
			name = Release;
		};
/* End XCBuildConfiguration section */

/* Begin XCConfigurationList section */
		354FF69420461F380016EBF1 /* Build configuration list for PBXProject "PTNeideSimoes" */ = {
			isa = XCConfigurationList;
			buildConfigurations = (
				354FF6A920461F380016EBF1 /* Debug */,
				354FF6AA20461F380016EBF1 /* Release */,
			);
			defaultConfigurationIsVisible = 0;
			defaultConfigurationName = Release;
		};
		354FF6AB20461F380016EBF1 /* Build configuration list for PBXNativeTarget "PTNeideSimoes" */ = {
			isa = XCConfigurationList;
			buildConfigurations = (
				354FF6AC20461F380016EBF1 /* Debug */,
				354FF6AD20461F380016EBF1 /* Release */,
			);
			defaultConfigurationIsVisible = 0;
			defaultConfigurationName = Release;
		};
/* End XCConfigurationList section */
	};
	rootObject = 354FF69120461F380016EBF1 /* Project object */;
}
